dependencies:
  idf:
    source:
      type: idf
    version: 6.1.0
  mio_client:
    component_hash: 059879d818c4817cc0aeb1ff4ba8001186916654a7b9112c4f755a85a4cf859e
    dependencies: []
    source:
      git: https://github.com/Weyla/MECS.git
      path: SHARED/components/mio_client
      type: git
    version: 9e11f506afedeef62fdd2cfe1886ded195677d05
  mio_core:
    component_hash: 4fe4304caa23a497a3d483ff2b2fc1a2916ecde058a4f5bf5d489871c2829398
    dependencies: []
    source:
      git: https://github.com/Weyla/MECS.git
      path: SHARED/components/mio_core
      type: git
    version: 9e11f506afedeef62fdd2cfe1886ded195677d05
  mio_espidf:
    component_hash: c8ee5eedff10e6d3df5a79d7b87571f7a55ae599678eb1810f116d3df75ca9a9
    dependencies: []
    source:
      git: https://github.com/Weyla/MECS.git
      path: SHARED/components/mio_espidf
      type: git
    version: 9e11f506afedeef62fdd2cfe1886ded195677d05
direct_dependencies:
- idf
- mio_client
- mio_core
- mio_espidf
manifest_hash: 7069fc868b7f4f01e23d35f1f7d27e22c1b39ce7381acadf0d5aa56a822dcd58
target: esp32c3
version: 3.0.0
